// !$*UTF8*$!
{
	archiveVersion = 1;
	classes = {
	};
	objectVersion = 55;
	objects = {

/* Begin PBXBuildFile section */
		CD0E8342285F36590029A023 /* ViewPagerTabView.swift in Sources */ = {isa = PBXBuildFile; fileRef = CD0E833E285F36590029A023 /* ViewPagerTabView.swift */; };
		CD0E8343285F36590029A023 /* ViewPager.swift in Sources */ = {isa = PBXBuildFile; fileRef = CD0E833F285F36590029A023 /* ViewPager.swift */; };
		CD0E8344285F36590029A023 /* ViewPagerTab.swift in Sources */ = {isa = PBXBuildFile; fileRef = CD0E8340285F36590029A023 /* ViewPagerTab.swift */; };
		CD0E8345285F36590029A023 /* ViewPagerOptions.swift in Sources */ = {isa = PBXBuildFile; fileRef = CD0E8341285F36590029A023 /* ViewPagerOptions.swift */; };
		CD0E8349285F9D1C0029A023 /* KoKoStruct.swift in Sources */ = {isa = PBXBuildFile; fileRef = CD0E8348285F9D1C0029A023 /* KoKoStruct.swift */; };
		CD54AA22285FE857008F98DF /* FriendTableViewCell.swift in Sources */ = {isa = PBXBuildFile; fileRef = CD54AA21285FE857008F98DF /* FriendTableViewCell.swift */; };
		CDE5E26C285A06DD0015E993 /* AppDelegate.swift in Sources */ = {isa = PBXBuildFile; fileRef = CDE5E26B285A06DD0015E993 /* AppDelegate.swift */; };
		CDE5E26E285A06DD0015E993 /* SceneDelegate.swift in Sources */ = {isa = PBXBuildFile; fileRef = CDE5E26D285A06DD0015E993 /* SceneDelegate.swift */; };
		CDE5E270285A06DD0015E993 /* ViewController.swift in Sources */ = {isa = PBXBuildFile; fileRef = CDE5E26F285A06DD0015E993 /* ViewController.swift */; };
		CDE5E273285A06DD0015E993 /* Main.storyboard in Resources */ = {isa = PBXBuildFile; fileRef = CDE5E271285A06DD0015E993 /* Main.storyboard */; };
		CDE5E276285A06DD0015E993 /* KOKO_Friends.xcdatamodeld in Sources */ = {isa = PBXBuildFile; fileRef = CDE5E274285A06DD0015E993 /* KOKO_Friends.xcdatamodeld */; };
		CDE5E278285A06DF0015E993 /* Assets.xcassets in Resources */ = {isa = PBXBuildFile; fileRef = CDE5E277285A06DF0015E993 /* Assets.xcassets */; };
		CDE5E27B285A06DF0015E993 /* LaunchScreen.storyboard in Resources */ = {isa = PBXBuildFile; fileRef = CDE5E279285A06DF0015E993 /* LaunchScreen.storyboard */; };
/* End PBXBuildFile section */

/* Begin PBXFileReference section */
		CD0E833E285F36590029A023 /* ViewPagerTabView.swift */ = {isa = PBXFileReference; fileEncoding = 4; lastKnownFileType = sourcecode.swift; path = ViewPagerTabView.swift; sourceTree = "<group>"; };
		CD0E833F285F36590029A023 /* ViewPager.swift */ = {isa = PBXFileReference; fileEncoding = 4; lastKnownFileType = sourcecode.swift; path = ViewPager.swift; sourceTree = "<group>"; };
		CD0E8340285F36590029A023 /* ViewPagerTab.swift */ = {isa = PBXFileReference; fileEncoding = 4; lastKnownFileType = sourcecode.swift; path = ViewPagerTab.swift; sourceTree = "<group>"; };
		CD0E8341285F36590029A023 /* ViewPagerOptions.swift */ = {isa = PBXFileReference; fileEncoding = 4; lastKnownFileType = sourcecode.swift; path = ViewPagerOptions.swift; sourceTree = "<group>"; };
		CD0E8348285F9D1C0029A023 /* KoKoStruct.swift */ = {isa = PBXFileReference; lastKnownFileType = sourcecode.swift; path = KoKoStruct.swift; sourceTree = "<group>"; };
		CD54AA21285FE857008F98DF /* FriendTableViewCell.swift */ = {isa = PBXFileReference; lastKnownFileType = sourcecode.swift; path = FriendTableViewCell.swift; sourceTree = "<group>"; };
		CDE5E268285A06DD0015E993 /* KOKO_Friends.app */ = {isa = PBXFileReference; explicitFileType = wrapper.application; includeInIndex = 0; path = KOKO_Friends.app; sourceTree = BUILT_PRODUCTS_DIR; };
		CDE5E26B285A06DD0015E993 /* AppDelegate.swift */ = {isa = PBXFileReference; lastKnownFileType = sourcecode.swift; path = AppDelegate.swift; sourceTree = "<group>"; };
		CDE5E26D285A06DD0015E993 /* SceneDelegate.swift */ = {isa = PBXFileReference; lastKnownFileType = sourcecode.swift; path = SceneDelegate.swift; sourceTree = "<group>"; };
		CDE5E26F285A06DD0015E993 /* ViewController.swift */ = {isa = PBXFileReference; lastKnownFileType = sourcecode.swift; path = ViewController.swift; sourceTree = "<group>"; };
		CDE5E272285A06DD0015E993 /* Base */ = {isa = PBXFileReference; lastKnownFileType = file.storyboard; name = Base; path = Base.lproj/Main.storyboard; sourceTree = "<group>"; };
		CDE5E275285A06DD0015E993 /* KOKO_Friends.xcdatamodel */ = {isa = PBXFileReference; lastKnownFileType = wrapper.xcdatamodel; path = KOKO_Friends.xcdatamodel; sourceTree = "<group>"; };
		CDE5E277285A06DF0015E993 /* Assets.xcassets */ = {isa = PBXFileReference; lastKnownFileType = folder.assetcatalog; path = Assets.xcassets; sourceTree = "<group>"; };
		CDE5E27A285A06DF0015E993 /* Base */ = {isa = PBXFileReference; lastKnownFileType = file.storyboard; name = Base; path = Base.lproj/LaunchScreen.storyboard; sourceTree = "<group>"; };
		CDE5E27C285A06DF0015E993 /* Info.plist */ = {isa = PBXFileReference; lastKnownFileType = text.plist.xml; path = Info.plist; sourceTree = "<group>"; };
/* End PBXFileReference section */

/* Begin PBXFrameworksBuildPhase section */
		CDE5E265285A06DD0015E993 /* Frameworks */ = {
			isa = PBXFrameworksBuildPhase;
			buildActionMask = 2147483647;
			files = (
			);
			runOnlyForDeploymentPostprocessing = 0;
		};
/* End PBXFrameworksBuildPhase section */

/* Begin PBXGroup section */
		CD0E834A285F9DDA0029A023 /* Model */ = {
			isa = PBXGroup;
			children = (
				CD0E8348285F9D1C0029A023 /* KoKoStruct.swift */,
			);
			path = Model;
			sourceTree = "<group>";
		};
		CDE5E25F285A06DD0015E993 = {
			isa = PBXGroup;
			children = (
				CDE5E26A285A06DD0015E993 /* KOKO_Friends */,
				CDE5E269285A06DD0015E993 /* Products */,
			);
			sourceTree = "<group>";
		};
		CDE5E269285A06DD0015E993 /* Products */ = {
			isa = PBXGroup;
			children = (
				CDE5E268285A06DD0015E993 /* KOKO_Friends.app */,
			);
			name = Products;
			sourceTree = "<group>";
		};
		CDE5E26A285A06DD0015E993 /* KOKO_Friends */ = {
			isa = PBXGroup;
			children = (
				CDE5E288285F0D510015E993 /* Core */,
				CD0E834A285F9DDA0029A023 /* Model */,
				CDE5E26B285A06DD0015E993 /* AppDelegate.swift */,
				CDE5E26D285A06DD0015E993 /* SceneDelegate.swift */,
				CDE5E26F285A06DD0015E993 /* ViewController.swift */,
				CD54AA21285FE857008F98DF /* FriendTableViewCell.swift */,
				CDE5E271285A06DD0015E993 /* Main.storyboard */,
				CDE5E279285A06DF0015E993 /* LaunchScreen.storyboard */,
				CDE5E277285A06DF0015E993 /* Assets.xcassets */,
				CDE5E27C285A06DF0015E993 /* Info.plist */,
				CDE5E274285A06DD0015E993 /* KOKO_Friends.xcdatamodeld */,
			);
			path = KOKO_Friends;
			sourceTree = "<group>";
		};
		CDE5E288285F0D510015E993 /* Core */ = {
			isa = PBXGroup;
			children = (
				CD0E833F285F36590029A023 /* ViewPager.swift */,
				CD0E8341285F36590029A023 /* ViewPagerOptions.swift */,
				CD0E8340285F36590029A023 /* ViewPagerTab.swift */,
				CD0E833E285F36590029A023 /* ViewPagerTabView.swift */,
			);
			path = Core;
			sourceTree = "<group>";
		};
/* End PBXGroup section */

/* Begin PBXNativeTarget section */
		CDE5E267285A06DD0015E993 /* KOKO_Friends */ = {
			isa = PBXNativeTarget;
			buildConfigurationList = CDE5E27F285A06DF0015E993 /* Build configuration list for PBXNativeTarget "KOKO_Friends" */;
			buildPhases = (
				CDE5E264285A06DD0015E993 /* Sources */,
				CDE5E265285A06DD0015E993 /* Frameworks */,
				CDE5E266285A06DD0015E993 /* Resources */,
			);
			buildRules = (
			);
			dependencies = (
			);
			name = KOKO_Friends;
			productName = KOKO_Friends;
			productReference = CDE5E268285A06DD0015E993 /* KOKO_Friends.app */;
			productType = "com.apple.product-type.application";
		};
/* End PBXNativeTarget section */

/* Begin PBXProject section */
		CDE5E260285A06DD0015E993 /* Project object */ = {
			isa = PBXProject;
			attributes = {
				BuildIndependentTargetsInParallel = 1;
				LastSwiftUpdateCheck = 1310;
				LastUpgradeCheck = 1310;
				TargetAttributes = {
					CDE5E267285A06DD0015E993 = {
						CreatedOnToolsVersion = 13.1;
					};
				};
			};
			buildConfigurationList = CDE5E263285A06DD0015E993 /* Build configuration list for PBXProject "KOKO_Friends" */;
			compatibilityVersion = "Xcode 13.0";
			developmentRegion = en;
			hasScannedForEncodings = 0;
			knownRegions = (
				en,
				Base,
			);
			mainGroup = CDE5E25F285A06DD0015E993;
			productRefGroup = CDE5E269285A06DD0015E993 /* Products */;
			projectDirPath = "";
			projectRoot = "";
			targets = (
				CDE5E267285A06DD0015E993 /* KOKO_Friends */,
			);
		};
/* End PBXProject section */

/* Begin PBXResourcesBuildPhase section */
		CDE5E266285A06DD0015E993 /* Resources */ = {
			isa = PBXResourcesBuildPhase;
			buildActionMask = 2147483647;
			files = (
				CDE5E27B285A06DF0015E993 /* LaunchScreen.storyboard in Resources */,
				CDE5E278285A06DF0015E993 /* Assets.xcassets in Resources */,
				CDE5E273285A06DD0015E993 /* Main.storyboard in Resources */,
			);
			runOnlyForDeploymentPostprocessing = 0;
		};
/* End PBXResourcesBuildPhase section */

/* Begin PBXSourcesBuildPhase section */
		CDE5E264285A06DD0015E993 /* Sources */ = {
			isa = PBXSourcesBuildPhase;
			buildActionMask = 2147483647;
			files = (
				CDE5E270285A06DD0015E993 /* ViewController.swift in Sources */,
				CDE5E26C285A06DD0015E993 /* AppDelegate.swift in Sources */,
				CDE5E26E285A06DD0015E993 /* SceneDelegate.swift in Sources */,
				CD0E8345285F36590029A023 /* ViewPagerOptions.swift in Sources */,
				CDE5E276285A06DD0015E993 /* KOKO_Friends.xcdatamodeld in Sources */,
				CD0E8343285F36590029A023 /* ViewPager.swift in Sources */,
				CD0E8349285F9D1C0029A023 /* KoKoStruct.swift in Sources */,
				CD54AA22285FE857008F98DF /* FriendTableViewCell.swift in Sources */,
				CD0E8342285F36590029A023 /* ViewPagerTabView.swift in Sources */,
				CD0E8344285F36590029A023 /* ViewPagerTab.swift in Sources */,
			);
			runOnlyForDeploymentPostprocessing = 0;
		};
/* End PBXSourcesBuildPhase section */

/* Begin PBXVariantGroup section */
		CDE5E271285A06DD0015E993 /* Main.storyboard */ = {
			isa = PBXVariantGroup;
			children = (
				CDE5E272285A06DD0015E993 /* Base */,
			);
			name = Main.storyboard;
			sourceTree = "<group>";
		};
		CDE5E279285A06DF0015E993 /* LaunchScreen.storyboard */ = {
			isa = PBXVariantGroup;
			children = (
				CDE5E27A285A06DF0015E993 /* Base */,
			);
			name = LaunchScreen.storyboard;
			sourceTree = "<group>";
		};
/* End PBXVariantGroup section */

/* Begin XCBuildConfiguration section */
		CDE5E27D285A06DF0015E993 /* Debug */ = {
			isa = XCBuildConfiguration;
			buildSettings = {
				ALWAYS_SEARCH_USER_PATHS = NO;
				CLANG_ANALYZER_NONNULL = YES;
				CLANG_ANALYZER_NUMBER_OBJECT_CONVERSION = YES_AGGRESSIVE;
				CLANG_CXX_LANGUAGE_STANDARD = "gnu++17";
				CLANG_CXX_LIBRARY = "libc++";
				CLANG_ENABLE_MODULES = YES;
				CLANG_ENABLE_OBJC_ARC = YES;
				CLANG_ENABLE_OBJC_WEAK = YES;
				CLANG_WARN_BLOCK_CAPTURE_AUTORELEASING = YES;
				CLANG_WARN_BOOL_CONVERSION = YES;
				CLANG_WARN_COMMA = YES;
				CLANG_WARN_CONSTANT_CONVERSION = YES;
				CLANG_WARN_DEPRECATED_OBJC_IMPLEMENTATIONS = YES;
				CLANG_WARN_DIRECT_OBJC_ISA_USAGE = YES_ERROR;
				CLANG_WARN_DOCUMENTATION_COMMENTS = YES;
				CLANG_WARN_EMPTY_BODY = YES;
				CLANG_WARN_ENUM_CONVERSION = YES;
				CLANG_WARN_INFINITE_RECURSION = YES;
				CLANG_WARN_INT_CONVERSION = YES;
				CLANG_WARN_NON_LITERAL_NULL_CONVERSION = YES;
				CLANG_WARN_OBJC_IMPLICIT_RETAIN_SELF = YES;
				CLANG_WARN_OBJC_LITERAL_CONVERSION = YES;
				CLANG_WARN_OBJC_ROOT_CLASS = YES_ERROR;
				CLANG_WARN_QUOTED_INCLUDE_IN_FRAMEWORK_HEADER = YES;
				CLANG_WARN_RANGE_LOOP_ANALYSIS = YES;
				CLANG_WARN_STRICT_PROTOTYPES = YES;
				CLANG_WARN_SUSPICIOUS_MOVE = YES;
				CLANG_WARN_UNGUARDED_AVAILABILITY = YES_AGGRESSIVE;
				CLANG_WARN_UNREACHABLE_CODE = YES;
				CLANG_WARN__DUPLICATE_METHOD_MATCH = YES;
				COPY_PHASE_STRIP = NO;
				DEBUG_INFORMATION_FORMAT = dwarf;
				ENABLE_STRICT_OBJC_MSGSEND = YES;
				ENABLE_TESTABILITY = YES;
				GCC_C_LANGUAGE_STANDARD = gnu11;
				GCC_DYNAMIC_NO_PIC = NO;
				GCC_NO_COMMON_BLOCKS = YES;
				GCC_OPTIMIZATION_LEVEL = 0;
				GCC_PREPROCESSOR_DEFINITIONS = (
					"DEBUG=1",
					"$(inherited)",
				);
				GCC_WARN_64_TO_32_BIT_CONVERSION = YES;
				GCC_WARN_ABOUT_RETURN_TYPE = YES_ERROR;
				GCC_WARN_UNDECLARED_SELECTOR = YES;
				GCC_WARN_UNINITIALIZED_AUTOS = YES_AGGRESSIVE;
				GCC_WARN_UNUSED_FUNCTION = YES;
				GCC_WARN_UNUSED_VARIABLE = YES;
				IPHONEOS_DEPLOYMENT_TARGET = 15.0;
				MTL_ENABLE_DEBUG_INFO = INCLUDE_SOURCE;
				MTL_FAST_MATH = YES;
				ONLY_ACTIVE_ARCH = YES;
				SDKROOT = iphoneos;
				SWIFT_ACTIVE_COMPILATION_CONDITIONS = DEBUG;
				SWIFT_OPTIMIZATION_LEVEL = "-Onone";
			};
			name = Debug;
		};
		CDE5E27E285A06DF0015E993 /* Release */ = {
			isa = XCBuildConfiguration;
			buildSettings = {
				ALWAYS_SEARCH_USER_PATHS = NO;
				CLANG_ANALYZER_NONNULL = YES;
				CLANG_ANALYZER_NUMBER_OBJECT_CONVERSION = YES_AGGRESSIVE;
				CLANG_CXX_LANGUAGE_STANDARD = "gnu++17";
				CLANG_CXX_LIBRARY = "libc++";
				CLANG_ENABLE_MODULES = YES;
				CLANG_ENABLE_OBJC_ARC = YES;
				CLANG_ENABLE_OBJC_WEAK = YES;
				CLANG_WARN_BLOCK_CAPTURE_AUTORELEASING = YES;
				CLANG_WARN_BOOL_CONVERSION = YES;
				CLANG_WARN_COMMA = YES;
				CLANG_WARN_CONSTANT_CONVERSION = YES;
				CLANG_WARN_DEPRECATED_OBJC_IMPLEMENTATIONS = YES;
				CLANG_WARN_DIRECT_OBJC_ISA_USAGE = YES_ERROR;
				CLANG_WARN_DOCUMENTATION_COMMENTS = YES;
				CLANG_WARN_EMPTY_BODY = YES;
				CLANG_WARN_ENUM_CONVERSION = YES;
				CLANG_WARN_INFINITE_RECURSION = YES;
				CLANG_WARN_INT_CONVERSION = YES;
				CLANG_WARN_NON_LITERAL_NULL_CONVERSION = YES;
				CLANG_WARN_OBJC_IMPLICIT_RETAIN_SELF = YES;
				CLANG_WARN_OBJC_LITERAL_CONVERSION = YES;
				CLANG_WARN_OBJC_ROOT_CLASS = YES_ERROR;
				CLANG_WARN_QUOTED_INCLUDE_IN_FRAMEWORK_HEADER = YES;
				CLANG_WARN_RANGE_LOOP_ANALYSIS = YES;
				CLANG_WARN_STRICT_PROTOTYPES = YES;
				CLANG_WARN_SUSPICIOUS_MOVE = YES;
				CLANG_WARN_UNGUARDED_AVAILABILITY = YES_AGGRESSIVE;
				CLANG_WARN_UNREACHABLE_CODE = YES;
				CLANG_WARN__DUPLICATE_METHOD_MATCH = YES;
				COPY_PHASE_STRIP = NO;
				DEBUG_INFORMATION_FORMAT = "dwarf-with-dsym";
				ENABLE_NS_ASSERTIONS = NO;
				ENABLE_STRICT_OBJC_MSGSEND = YES;
				GCC_C_LANGUAGE_STANDARD = gnu11;
				GCC_NO_COMMON_BLOCKS = YES;
				GCC_WARN_64_TO_32_BIT_CONVERSION = YES;
				GCC_WARN_ABOUT_RETURN_TYPE = YES_ERROR;
				GCC_WARN_UNDECLARED_SELECTOR = YES;
				GCC_WARN_UNINITIALIZED_AUTOS = YES_AGGRESSIVE;
				GCC_WARN_UNUSED_FUNCTION = YES;
				GCC_WARN_UNUSED_VARIABLE = YES;
				IPHONEOS_DEPLOYMENT_TARGET = 15.0;
				MTL_ENABLE_DEBUG_INFO = NO;
				MTL_FAST_MATH = YES;
				SDKROOT = iphoneos;
				SWIFT_COMPILATION_MODE = wholemodule;
				SWIFT_OPTIMIZATION_LEVEL = "-O";
				VALIDATE_PRODUCT = YES;
			};
			name = Release;
		};
		CDE5E280285A06DF0015E993 /* Debug */ = {
			isa = XCBuildConfiguration;
			buildSettings = {
				ASSETCATALOG_COMPILER_APPICON_NAME = AppIcon;
				ASSETCATALOG_COMPILER_GLOBAL_ACCENT_COLOR_NAME = AccentColor;
				CODE_SIGN_STYLE = Automatic;
				CURRENT_PROJECT_VERSION = 1;
				DEVELOPMENT_TEAM = 8ZXFL3Y3LX;
				GENERATE_INFOPLIST_FILE = YES;
				INFOPLIST_FILE = KOKO_Friends/Info.plist;
				INFOPLIST_KEY_UIApplicationSupportsIndirectInputEvents = YES;
				INFOPLIST_KEY_UILaunchStoryboardName = LaunchScreen;
				INFOPLIST_KEY_UIMainStoryboardFile = Main;
				INFOPLIST_KEY_UISupportedInterfaceOrientations_iPad = "UIInterfaceOrientationPortrait UIInterfaceOrientationPortraitUpsideDown UIInterfaceOrientationLandscapeLeft UIInterfaceOrientationLandscapeRight";
				INFOPLIST_KEY_UISupportedInterfaceOrientations_iPhone = "UIInterfaceOrientationPortrait UIInterfaceOrientationLandscapeLeft UIInterfaceOrientationLandscapeRight";
				LD_RUNPATH_SEARCH_PATHS = (
					"$(inherited)",
					"@executable_path/Frameworks",
				);
				MARKETING_VERSION = 1.0;
				PRODUCT_BUNDLE_IDENTIFIER = "com.test.KOKO-Friends";
				PRODUCT_NAME = "$(TARGET_NAME)";
				SWIFT_EMIT_LOC_STRINGS = YES;
				SWIFT_VERSION = 5.0;
				TARGETED_DEVICE_FAMILY = "1,2";
			};
			name = Debug;
		};
		CDE5E281285A06DF0015E993 /* Release */ = {
			isa = XCBuildConfiguration;
			buildSettings = {
				ASSETCATALOG_COMPILER_APPICON_NAME = AppIcon;
				ASSETCATALOG_COMPILER_GLOBAL_ACCENT_COLOR_NAME = AccentColor;
				CODE_SIGN_STYLE = Automatic;
				CURRENT_PROJECT_VERSION = 1;
				DEVELOPMENT_TEAM = 8ZXFL3Y3LX;
				GENERATE_INFOPLIST_FILE = YES;
				INFOPLIST_FILE = KOKO_Friends/Info.plist;
				INFOPLIST_KEY_UIApplicationSupportsIndirectInputEvents = YES;
				INFOPLIST_KEY_UILaunchStoryboardName = LaunchScreen;
				INFOPLIST_KEY_UIMainStoryboardFile = Main;
				INFOPLIST_KEY_UISupportedInterfaceOrientations_iPad = "UIInterfaceOrientationPortrait UIInterfaceOrientationPortraitUpsideDown UIInterfaceOrientationLandscapeLeft UIInterfaceOrientationLandscapeRight";
				INFOPLIST_KEY_UISupportedInterfaceOrientations_iPhone = "UIInterfaceOrientationPortrait UIInterfaceOrientationLandscapeLeft UIInterfaceOrientationLandscapeRight";
				LD_RUNPATH_SEARCH_PATHS = (
					"$(inherited)",
					"@executable_path/Frameworks",
				);
				MARKETING_VERSION = 1.0;
				PRODUCT_BUNDLE_IDENTIFIER = "com.test.KOKO-Friends";
				PRODUCT_NAME = "$(TARGET_NAME)";
				SWIFT_EMIT_LOC_STRINGS = YES;
				SWIFT_VERSION = 5.0;
				TARGETED_DEVICE_FAMILY = "1,2";
			};
			name = Release;
		};
/* End XCBuildConfiguration section */

/* Begin XCConfigurationList section */
		CDE5E263285A06DD0015E993 /* Build configuration list for PBXProject "KOKO_Friends" */ = {
			isa = XCConfigurationList;
			buildConfigurations = (
				CDE5E27D285A06DF0015E993 /* Debug */,
				CDE5E27E285A06DF0015E993 /* Release */,
			);
			defaultConfigurationIsVisible = 0;
			defaultConfigurationName = Release;
		};
		CDE5E27F285A06DF0015E993 /* Build configuration list for PBXNativeTarget "KOKO_Friends" */ = {
			isa = XCConfigurationList;
			buildConfigurations = (
				CDE5E280285A06DF0015E993 /* Debug */,
				CDE5E281285A06DF0015E993 /* Release */,
			);
			defaultConfigurationIsVisible = 0;
			defaultConfigurationName = Release;
		};
/* End XCConfigurationList section */

/* Begin XCVersionGroup section */
		CDE5E274285A06DD0015E993 /* KOKO_Friends.xcdatamodeld */ = {
			isa = XCVersionGroup;
			children = (
				CDE5E275285A06DD0015E993 /* KOKO_Friends.xcdatamodel */,
			);
			currentVersion = CDE5E275285A06DD0015E993 /* KOKO_Friends.xcdatamodel */;
			path = KOKO_Friends.xcdatamodeld;
			sourceTree = "<group>";
			versionGroupType = wrapper.xcdatamodel;
		};
/* End XCVersionGroup section */
	};
	rootObject = CDE5E260285A06DD0015E993 /* Project object */;
}
